
Microsoft Visual Studio Solution File, Format Version 12.00
# Visual Studio 15
VisualStudioVersion = 15.0.27703.2047
MinimumVisualStudioVersion = 10.0.40219.1
Project("{9A19103F-16F7-4668-BE54-9A1E7A4F7556}") = "BasicExtensions", "BasicExtensions\BasicExtensions.csproj", "{7B2B86AF-D336-4D1E-9A68-D8990D7196D5}"
EndProject
Project("{FAE04EC0-301F-11D3-BF4B-00C04F79EFBC}") = "BasicExtensions.Tests", "BasicExtensions.Tests\BasicExtensions.Tests.csproj", "{2548311B-5D4B-4500-A577-D3AB11D389D5}"
EndProject
Global
	GlobalSection(SolutionConfigurationPlatforms) = preSolution
		Debug|Any CPU = Debug|Any CPU
		Release|Any CPU = Release|Any CPU
	EndGlobalSection
	GlobalSection(ProjectConfigurationPlatforms) = postSolution
		{7B2B86AF-D336-4D1E-9A68-D8990D7196D5}.Debug|Any CPU.ActiveCfg = Debug|Any CPU
		{7B2B86AF-D336-4D1E-9A68-D8990D7196D5}.Debug|Any CPU.Build.0 = Debug|Any CPU
		{7B2B86AF-D336-4D1E-9A68-D8990D7196D5}.Release|Any CPU.ActiveCfg = Release|Any CPU
		{7B2B86AF-D336-4D1E-9A68-D8990D7196D5}.Release|Any CPU.Build.0 = Release|Any CPU
		{2548311B-5D4B-4500-A577-D3AB11D389D5}.Debug|Any CPU.ActiveCfg = Debug|Any CPU
		{2548311B-5D4B-4500-A577-D3AB11D389D5}.Debug|Any CPU.Build.0 = Debug|Any CPU
		{2548311B-5D4B-4500-A577-D3AB11D389D5}.Release|Any CPU.ActiveCfg = Release|Any CPU
		{2548311B-5D4B-4500-A577-D3AB11D389D5}.Release|Any CPU.Build.0 = Release|Any CPU
	EndGlobalSection
	GlobalSection(SolutionProperties) = preSolution
		HideSolutionNode = FALSE
	EndGlobalSection
	GlobalSection(ExtensibilityGlobals) = postSolution
		SolutionGuid = {BFA166C8-2E25-4BFB-9997-1355A937F301}
	EndGlobalSection
EndGlobal
